
Microsoft Visual Studio Solution File, Format Version 12.00
# Visual Studio 15
VisualStudioVersion = 15.0.28307.705
MinimumVisualStudioVersion = 10.0.40219.1
Project("{FAE04EC0-301F-11D3-BF4B-00C04F79EFBC}") = "ConfirmDialogExample", "ConfirmDialogExample\ConfirmDialogExample.csproj", "{9404C75F-5CF5-4986-A663-364B560150DC}"
EndProject
Global
	GlobalSection(SolutionConfigurationPlatforms) = preSolution
		Debug|Any CPU = Debug|Any CPU
		Release|Any CPU = Release|Any CPU
	EndGlobalSection
	GlobalSection(ProjectConfigurationPlatforms) = postSolution
		{9404C75F-5CF5-4986-A663-364B560150DC}.Debug|Any CPU.ActiveCfg = Debug|Any CPU
		{9404C75F-5CF5-4986-A663-364B560150DC}.Debug|Any CPU.Build.0 = Debug|Any CPU
		{9404C75F-5CF5-4986-A663-364B560150DC}.Release|Any CPU.ActiveCfg = Release|Any CPU
		{9404C75F-5CF5-4986-A663-364B560150DC}.Release|Any CPU.Build.0 = Release|Any CPU
	EndGlobalSection
	GlobalSection(SolutionProperties) = preSolution
		HideSolutionNode = FALSE
	EndGlobalSection
	GlobalSection(ExtensibilityGlobals) = postSolution
		SolutionGuid = {A2431D72-BE98-45AB-A07A-5EAEBA5194D7}
	EndGlobalSection
EndGlobal
